// !$*UTF8*$!
{
	archiveVersion = 1;
	classes = {
	};
	objectVersion = 50;
	objects = {

/* Begin PBXBuildFile section */
		B4DE2C99254B35F300B14E07 /* AppDelegate.swift in Sources */ = {isa = PBXBuildFile; fileRef = B4DE2C98254B35F300B14E07 /* AppDelegate.swift */; };
		B4DE2C9B254B35F300B14E07 /* SceneDelegate.swift in Sources */ = {isa = PBXBuildFile; fileRef = B4DE2C9A254B35F300B14E07 /* SceneDelegate.swift */; };
		B4DE2C9D254B35F300B14E07 /* ViewController.swift in Sources */ = {isa = PBXBuildFile; fileRef = B4DE2C9C254B35F300B14E07 /* ViewController.swift */; };
		B4DE2CA0254B35F300B14E07 /* Main.storyboard in Resources */ = {isa = PBXBuildFile; fileRef = B4DE2C9E254B35F300B14E07 /* Main.storyboard */; };
		B4DE2CA2254B35F500B14E07 /* Assets.xcassets in Resources */ = {isa = PBXBuildFile; fileRef = B4DE2CA1254B35F500B14E07 /* Assets.xcassets */; };
		B4DE2CA5254B35F500B14E07 /* LaunchScreen.storyboard in Resources */ = {isa = PBXBuildFile; fileRef = B4DE2CA3254B35F500B14E07 /* LaunchScreen.storyboard */; };
		B4DE2CB0254B35F500B14E07 /* DocumentReaderTests.swift in Sources */ = {isa = PBXBuildFile; fileRef = B4DE2CAF254B35F500B14E07 /* DocumentReaderTests.swift */; };
		B4DE2CBB254B35F500B14E07 /* DocumentReaderUITests.swift in Sources */ = {isa = PBXBuildFile; fileRef = B4DE2CBA254B35F500B14E07 /* DocumentReaderUITests.swift */; };
/* End PBXBuildFile section */

/* Begin PBXContainerItemProxy section */
		B4DE2CAC254B35F500B14E07 /* PBXContainerItemProxy */ = {
			isa = PBXContainerItemProxy;
			containerPortal = B4DE2C8D254B35F300B14E07 /* Project object */;
			proxyType = 1;
			remoteGlobalIDString = B4DE2C94254B35F300B14E07;
			remoteInfo = DocumentReader;
		};
		B4DE2CB7254B35F500B14E07 /* PBXContainerItemProxy */ = {
			isa = PBXContainerItemProxy;
			containerPortal = B4DE2C8D254B35F300B14E07 /* Project object */;
			proxyType = 1;
			remoteGlobalIDString = B4DE2C94254B35F300B14E07;
			remoteInfo = DocumentReader;
		};
/* End PBXContainerItemProxy section */

/* Begin PBXFileReference section */
		B4DE2C95254B35F300B14E07 /* DocumentReader.app */ = {isa = PBXFileReference; explicitFileType = wrapper.application; includeInIndex = 0; path = DocumentReader.app; sourceTree = BUILT_PRODUCTS_DIR; };
		B4DE2C98254B35F300B14E07 /* AppDelegate.swift */ = {isa = PBXFileReference; lastKnownFileType = sourcecode.swift; path = AppDelegate.swift; sourceTree = "<group>"; };
		B4DE2C9A254B35F300B14E07 /* SceneDelegate.swift */ = {isa = PBXFileReference; lastKnownFileType = sourcecode.swift; path = SceneDelegate.swift; sourceTree = "<group>"; };
		B4DE2C9C254B35F300B14E07 /* ViewController.swift */ = {isa = PBXFileReference; lastKnownFileType = sourcecode.swift; path = ViewController.swift; sourceTree = "<group>"; };
		B4DE2C9F254B35F300B14E07 /* Base */ = {isa = PBXFileReference; lastKnownFileType = file.storyboard; name = Base; path = Base.lproj/Main.storyboard; sourceTree = "<group>"; };
		B4DE2CA1254B35F500B14E07 /* Assets.xcassets */ = {isa = PBXFileReference; lastKnownFileType = folder.assetcatalog; path = Assets.xcassets; sourceTree = "<group>"; };
		B4DE2CA4254B35F500B14E07 /* Base */ = {isa = PBXFileReference; lastKnownFileType = file.storyboard; name = Base; path = Base.lproj/LaunchScreen.storyboard; sourceTree = "<group>"; };
		B4DE2CA6254B35F500B14E07 /* Info.plist */ = {isa = PBXFileReference; lastKnownFileType = text.plist.xml; path = Info.plist; sourceTree = "<group>"; };
		B4DE2CAB254B35F500B14E07 /* DocumentReaderTests.xctest */ = {isa = PBXFileReference; explicitFileType = wrapper.cfbundle; includeInIndex = 0; path = DocumentReaderTests.xctest; sourceTree = BUILT_PRODUCTS_DIR; };
		B4DE2CAF254B35F500B14E07 /* DocumentReaderTests.swift */ = {isa = PBXFileReference; lastKnownFileType = sourcecode.swift; path = DocumentReaderTests.swift; sourceTree = "<group>"; };
		B4DE2CB1254B35F500B14E07 /* Info.plist */ = {isa = PBXFileReference; lastKnownFileType = text.plist.xml; path = Info.plist; sourceTree = "<group>"; };
		B4DE2CB6254B35F500B14E07 /* DocumentReaderUITests.xctest */ = {isa = PBXFileReference; explicitFileType = wrapper.cfbundle; includeInIndex = 0; path = DocumentReaderUITests.xctest; sourceTree = BUILT_PRODUCTS_DIR; };
		B4DE2CBA254B35F500B14E07 /* DocumentReaderUITests.swift */ = {isa = PBXFileReference; lastKnownFileType = sourcecode.swift; path = DocumentReaderUITests.swift; sourceTree = "<group>"; };
		B4DE2CBC254B35F500B14E07 /* Info.plist */ = {isa = PBXFileReference; lastKnownFileType = text.plist.xml; path = Info.plist; sourceTree = "<group>"; };
/* End PBXFileReference section */

/* Begin PBXFrameworksBuildPhase section */
		B4DE2C92254B35F300B14E07 /* Frameworks */ = {
			isa = PBXFrameworksBuildPhase;
			buildActionMask = 2147483647;
			files = (
			);
			runOnlyForDeploymentPostprocessing = 0;
		};
		B4DE2CA8254B35F500B14E07 /* Frameworks */ = {
			isa = PBXFrameworksBuildPhase;
			buildActionMask = 2147483647;
			files = (
			);
			runOnlyForDeploymentPostprocessing = 0;
		};
		B4DE2CB3254B35F500B14E07 /* Frameworks */ = {
			isa = PBXFrameworksBuildPhase;
			buildActionMask = 2147483647;
			files = (
			);
			runOnlyForDeploymentPostprocessing = 0;
		};
/* End PBXFrameworksBuildPhase section */

/* Begin PBXGroup section */
		B4DE2C8C254B35F300B14E07 = {
			isa = PBXGroup;
			children = (
				B4DE2C97254B35F300B14E07 /* DocumentReader */,
				B4DE2CAE254B35F500B14E07 /* DocumentReaderTests */,
				B4DE2CB9254B35F500B14E07 /* DocumentReaderUITests */,
				B4DE2C96254B35F300B14E07 /* Products */,
			);
			sourceTree = "<group>";
		};
		B4DE2C96254B35F300B14E07 /* Products */ = {
			isa = PBXGroup;
			children = (
				B4DE2C95254B35F300B14E07 /* DocumentReader.app */,
				B4DE2CAB254B35F500B14E07 /* DocumentReaderTests.xctest */,
				B4DE2CB6254B35F500B14E07 /* DocumentReaderUITests.xctest */,
			);
			name = Products;
			sourceTree = "<group>";
		};
		B4DE2C97254B35F300B14E07 /* DocumentReader */ = {
			isa = PBXGroup;
			children = (
				B4DE2C98254B35F300B14E07 /* AppDelegate.swift */,
				B4DE2C9A254B35F300B14E07 /* SceneDelegate.swift */,
				B4DE2C9C254B35F300B14E07 /* ViewController.swift */,
				B4DE2C9E254B35F300B14E07 /* Main.storyboard */,
				B4DE2CA1254B35F500B14E07 /* Assets.xcassets */,
				B4DE2CA3254B35F500B14E07 /* LaunchScreen.storyboard */,
				B4DE2CA6254B35F500B14E07 /* Info.plist */,
			);
			path = DocumentReader;
			sourceTree = "<group>";
		};
		B4DE2CAE254B35F500B14E07 /* DocumentReaderTests */ = {
			isa = PBXGroup;
			children = (
				B4DE2CAF254B35F500B14E07 /* DocumentReaderTests.swift */,
				B4DE2CB1254B35F500B14E07 /* Info.plist */,
			);
			path = DocumentReaderTests;
			sourceTree = "<group>";
		};
		B4DE2CB9254B35F500B14E07 /* DocumentReaderUITests */ = {
			isa = PBXGroup;
			children = (
				B4DE2CBA254B35F500B14E07 /* DocumentReaderUITests.swift */,
				B4DE2CBC254B35F500B14E07 /* Info.plist */,
			);
			path = DocumentReaderUITests;
			sourceTree = "<group>";
		};
/* End PBXGroup section */

/* Begin PBXNativeTarget section */
		B4DE2C94254B35F300B14E07 /* DocumentReader */ = {
			isa = PBXNativeTarget;
			buildConfigurationList = B4DE2CBF254B35F500B14E07 /* Build configuration list for PBXNativeTarget "DocumentReader" */;
			buildPhases = (
				B4DE2C91254B35F300B14E07 /* Sources */,
				B4DE2C92254B35F300B14E07 /* Frameworks */,
				B4DE2C93254B35F300B14E07 /* Resources */,
			);
			buildRules = (
			);
			dependencies = (
			);
			name = DocumentReader;
			productName = DocumentReader;
			productReference = B4DE2C95254B35F300B14E07 /* DocumentReader.app */;
			productType = "com.apple.product-type.application";
		};
		B4DE2CAA254B35F500B14E07 /* DocumentReaderTests */ = {
			isa = PBXNativeTarget;
			buildConfigurationList = B4DE2CC2254B35F500B14E07 /* Build configuration list for PBXNativeTarget "DocumentReaderTests" */;
			buildPhases = (
				B4DE2CA7254B35F500B14E07 /* Sources */,
				B4DE2CA8254B35F500B14E07 /* Frameworks */,
				B4DE2CA9254B35F500B14E07 /* Resources */,
			);
			buildRules = (
			);
			dependencies = (
				B4DE2CAD254B35F500B14E07 /* PBXTargetDependency */,
			);
			name = DocumentReaderTests;
			productName = DocumentReaderTests;
			productReference = B4DE2CAB254B35F500B14E07 /* DocumentReaderTests.xctest */;
			productType = "com.apple.product-type.bundle.unit-test";
		};
		B4DE2CB5254B35F500B14E07 /* DocumentReaderUITests */ = {
			isa = PBXNativeTarget;
			buildConfigurationList = B4DE2CC5254B35F500B14E07 /* Build configuration list for PBXNativeTarget "DocumentReaderUITests" */;
			buildPhases = (
				B4DE2CB2254B35F500B14E07 /* Sources */,
				B4DE2CB3254B35F500B14E07 /* Frameworks */,
				B4DE2CB4254B35F500B14E07 /* Resources */,
			);
			buildRules = (
			);
			dependencies = (
				B4DE2CB8254B35F500B14E07 /* PBXTargetDependency */,
			);
			name = DocumentReaderUITests;
			productName = DocumentReaderUITests;
			productReference = B4DE2CB6254B35F500B14E07 /* DocumentReaderUITests.xctest */;
			productType = "com.apple.product-type.bundle.ui-testing";
		};
/* End PBXNativeTarget section */

/* Begin PBXProject section */
		B4DE2C8D254B35F300B14E07 /* Project object */ = {
			isa = PBXProject;
			attributes = {
				LastSwiftUpdateCheck = 1200;
				LastUpgradeCheck = 1200;
				TargetAttributes = {
					B4DE2C94254B35F300B14E07 = {
						CreatedOnToolsVersion = 12.0.1;
					};
					B4DE2CAA254B35F500B14E07 = {
						CreatedOnToolsVersion = 12.0.1;
						TestTargetID = B4DE2C94254B35F300B14E07;
					};
					B4DE2CB5254B35F500B14E07 = {
						CreatedOnToolsVersion = 12.0.1;
						TestTargetID = B4DE2C94254B35F300B14E07;
					};
				};
			};
			buildConfigurationList = B4DE2C90254B35F300B14E07 /* Build configuration list for PBXProject "DocumentReader" */;
			compatibilityVersion = "Xcode 9.3";
			developmentRegion = en;
			hasScannedForEncodings = 0;
			knownRegions = (
				en,
				Base,
			);
			mainGroup = B4DE2C8C254B35F300B14E07;
			productRefGroup = B4DE2C96254B35F300B14E07 /* Products */;
			projectDirPath = "";
			projectRoot = "";
			targets = (
				B4DE2C94254B35F300B14E07 /* DocumentReader */,
				B4DE2CAA254B35F500B14E07 /* DocumentReaderTests */,
				B4DE2CB5254B35F500B14E07 /* DocumentReaderUITests */,
			);
		};
/* End PBXProject section */

/* Begin PBXResourcesBuildPhase section */
		B4DE2C93254B35F300B14E07 /* Resources */ = {
			isa = PBXResourcesBuildPhase;
			buildActionMask = 2147483647;
			files = (
				B4DE2CA5254B35F500B14E07 /* LaunchScreen.storyboard in Resources */,
				B4DE2CA2254B35F500B14E07 /* Assets.xcassets in Resources */,
				B4DE2CA0254B35F300B14E07 /* Main.storyboard in Resources */,
			);
			runOnlyForDeploymentPostprocessing = 0;
		};
		B4DE2CA9254B35F500B14E07 /* Resources */ = {
			isa = PBXResourcesBuildPhase;
			buildActionMask = 2147483647;
			files = (
			);
			runOnlyForDeploymentPostprocessing = 0;
		};
		B4DE2CB4254B35F500B14E07 /* Resources */ = {
			isa = PBXResourcesBuildPhase;
			buildActionMask = 2147483647;
			files = (
			);
			runOnlyForDeploymentPostprocessing = 0;
		};
/* End PBXResourcesBuildPhase section */

/* Begin PBXSourcesBuildPhase section */
		B4DE2C91254B35F300B14E07 /* Sources */ = {
			isa = PBXSourcesBuildPhase;
			buildActionMask = 2147483647;
			files = (
				B4DE2C9D254B35F300B14E07 /* ViewController.swift in Sources */,
				B4DE2C99254B35F300B14E07 /* AppDelegate.swift in Sources */,
				B4DE2C9B254B35F300B14E07 /* SceneDelegate.swift in Sources */,
			);
			runOnlyForDeploymentPostprocessing = 0;
		};
		B4DE2CA7254B35F500B14E07 /* Sources */ = {
			isa = PBXSourcesBuildPhase;
			buildActionMask = 2147483647;
			files = (
				B4DE2CB0254B35F500B14E07 /* DocumentReaderTests.swift in Sources */,
			);
			runOnlyForDeploymentPostprocessing = 0;
		};
		B4DE2CB2254B35F500B14E07 /* Sources */ = {
			isa = PBXSourcesBuildPhase;
			buildActionMask = 2147483647;
			files = (
				B4DE2CBB254B35F500B14E07 /* DocumentReaderUITests.swift in Sources */,
			);
			runOnlyForDeploymentPostprocessing = 0;
		};
/* End PBXSourcesBuildPhase section */

/* Begin PBXTargetDependency section */
		B4DE2CAD254B35F500B14E07 /* PBXTargetDependency */ = {
			isa = PBXTargetDependency;
			target = B4DE2C94254B35F300B14E07 /* DocumentReader */;
			targetProxy = B4DE2CAC254B35F500B14E07 /* PBXContainerItemProxy */;
		};
		B4DE2CB8254B35F500B14E07 /* PBXTargetDependency */ = {
			isa = PBXTargetDependency;
			target = B4DE2C94254B35F300B14E07 /* DocumentReader */;
			targetProxy = B4DE2CB7254B35F500B14E07 /* PBXContainerItemProxy */;
		};
/* End PBXTargetDependency section */

/* Begin PBXVariantGroup section */
		B4DE2C9E254B35F300B14E07 /* Main.storyboard */ = {
			isa = PBXVariantGroup;
			children = (
				B4DE2C9F254B35F300B14E07 /* Base */,
			);
			name = Main.storyboard;
			sourceTree = "<group>";
		};
		B4DE2CA3254B35F500B14E07 /* LaunchScreen.storyboard */ = {
			isa = PBXVariantGroup;
			children = (
				B4DE2CA4254B35F500B14E07 /* Base */,
			);
			name = LaunchScreen.storyboard;
			sourceTree = "<group>";
		};
/* End PBXVariantGroup section */

/* Begin XCBuildConfiguration section */
		B4DE2CBD254B35F500B14E07 /* Debug */ = {
			isa = XCBuildConfiguration;
			buildSettings = {
				ALWAYS_SEARCH_USER_PATHS = NO;
				CLANG_ANALYZER_NONNULL = YES;
				CLANG_ANALYZER_NUMBER_OBJECT_CONVERSION = YES_AGGRESSIVE;
				CLANG_CXX_LANGUAGE_STANDARD = "gnu++14";
				CLANG_CXX_LIBRARY = "libc++";
				CLANG_ENABLE_MODULES = YES;
				CLANG_ENABLE_OBJC_ARC = YES;
				CLANG_ENABLE_OBJC_WEAK = YES;
				CLANG_WARN_BLOCK_CAPTURE_AUTORELEASING = YES;
				CLANG_WARN_BOOL_CONVERSION = YES;
				CLANG_WARN_COMMA = YES;
				CLANG_WARN_CONSTANT_CONVERSION = YES;
				CLANG_WARN_DEPRECATED_OBJC_IMPLEMENTATIONS = YES;
				CLANG_WARN_DIRECT_OBJC_ISA_USAGE = YES_ERROR;
				CLANG_WARN_DOCUMENTATION_COMMENTS = YES;
				CLANG_WARN_EMPTY_BODY = YES;
				CLANG_WARN_ENUM_CONVERSION = YES;
				CLANG_WARN_INFINITE_RECURSION = YES;
				CLANG_WARN_INT_CONVERSION = YES;
				CLANG_WARN_NON_LITERAL_NULL_CONVERSION = YES;
				CLANG_WARN_OBJC_IMPLICIT_RETAIN_SELF = YES;
				CLANG_WARN_OBJC_LITERAL_CONVERSION = YES;
				CLANG_WARN_OBJC_ROOT_CLASS = YES_ERROR;
				CLANG_WARN_QUOTED_INCLUDE_IN_FRAMEWORK_HEADER = YES;
				CLANG_WARN_RANGE_LOOP_ANALYSIS = YES;
				CLANG_WARN_STRICT_PROTOTYPES = YES;
				CLANG_WARN_SUSPICIOUS_MOVE = YES;
				CLANG_WARN_UNGUARDED_AVAILABILITY = YES_AGGRESSIVE;
				CLANG_WARN_UNREACHABLE_CODE = YES;
				CLANG_WARN__DUPLICATE_METHOD_MATCH = YES;
				COPY_PHASE_STRIP = NO;
				DEBUG_INFORMATION_FORMAT = dwarf;
				ENABLE_STRICT_OBJC_MSGSEND = YES;
				ENABLE_TESTABILITY = YES;
				GCC_C_LANGUAGE_STANDARD = gnu11;
				GCC_DYNAMIC_NO_PIC = NO;
				GCC_NO_COMMON_BLOCKS = YES;
				GCC_OPTIMIZATION_LEVEL = 0;
				GCC_PREPROCESSOR_DEFINITIONS = (
					"DEBUG=1",
					"$(inherited)",
				);
				GCC_WARN_64_TO_32_BIT_CONVERSION = YES;
				GCC_WARN_ABOUT_RETURN_TYPE = YES_ERROR;
				GCC_WARN_UNDECLARED_SELECTOR = YES;
				GCC_WARN_UNINITIALIZED_AUTOS = YES_AGGRESSIVE;
				GCC_WARN_UNUSED_FUNCTION = YES;
				GCC_WARN_UNUSED_VARIABLE = YES;
				IPHONEOS_DEPLOYMENT_TARGET = 14.0;
				MTL_ENABLE_DEBUG_INFO = INCLUDE_SOURCE;
				MTL_FAST_MATH = YES;
				ONLY_ACTIVE_ARCH = YES;
				SDKROOT = iphoneos;
				SWIFT_ACTIVE_COMPILATION_CONDITIONS = DEBUG;
				SWIFT_OPTIMIZATION_LEVEL = "-Onone";
			};
			name = Debug;
		};
		B4DE2CBE254B35F500B14E07 /* Release */ = {
			isa = XCBuildConfiguration;
			buildSettings = {
				ALWAYS_SEARCH_USER_PATHS = NO;
				CLANG_ANALYZER_NONNULL = YES;
				CLANG_ANALYZER_NUMBER_OBJECT_CONVERSION = YES_AGGRESSIVE;
				CLANG_CXX_LANGUAGE_STANDARD = "gnu++14";
				CLANG_CXX_LIBRARY = "libc++";
				CLANG_ENABLE_MODULES = YES;
				CLANG_ENABLE_OBJC_ARC = YES;
				CLANG_ENABLE_OBJC_WEAK = YES;
				CLANG_WARN_BLOCK_CAPTURE_AUTORELEASING = YES;
				CLANG_WARN_BOOL_CONVERSION = YES;
				CLANG_WARN_COMMA = YES;
				CLANG_WARN_CONSTANT_CONVERSION = YES;
				CLANG_WARN_DEPRECATED_OBJC_IMPLEMENTATIONS = YES;
				CLANG_WARN_DIRECT_OBJC_ISA_USAGE = YES_ERROR;
				CLANG_WARN_DOCUMENTATION_COMMENTS = YES;
				CLANG_WARN_EMPTY_BODY = YES;
				CLANG_WARN_ENUM_CONVERSION = YES;
				CLANG_WARN_INFINITE_RECURSION = YES;
				CLANG_WARN_INT_CONVERSION = YES;
				CLANG_WARN_NON_LITERAL_NULL_CONVERSION = YES;
				CLANG_WARN_OBJC_IMPLICIT_RETAIN_SELF = YES;
				CLANG_WARN_OBJC_LITERAL_CONVERSION = YES;
				CLANG_WARN_OBJC_ROOT_CLASS = YES_ERROR;
				CLANG_WARN_QUOTED_INCLUDE_IN_FRAMEWORK_HEADER = YES;
				CLANG_WARN_RANGE_LOOP_ANALYSIS = YES;
				CLANG_WARN_STRICT_PROTOTYPES = YES;
				CLANG_WARN_SUSPICIOUS_MOVE = YES;
				CLANG_WARN_UNGUARDED_AVAILABILITY = YES_AGGRESSIVE;
				CLANG_WARN_UNREACHABLE_CODE = YES;
				CLANG_WARN__DUPLICATE_METHOD_MATCH = YES;
				COPY_PHASE_STRIP = NO;
				DEBUG_INFORMATION_FORMAT = "dwarf-with-dsym";
				ENABLE_NS_ASSERTIONS = NO;
				ENABLE_STRICT_OBJC_MSGSEND = YES;
				GCC_C_LANGUAGE_STANDARD = gnu11;
				GCC_NO_COMMON_BLOCKS = YES;
				GCC_WARN_64_TO_32_BIT_CONVERSION = YES;
				GCC_WARN_ABOUT_RETURN_TYPE = YES_ERROR;
				GCC_WARN_UNDECLARED_SELECTOR = YES;
				GCC_WARN_UNINITIALIZED_AUTOS = YES_AGGRESSIVE;
				GCC_WARN_UNUSED_FUNCTION = YES;
				GCC_WARN_UNUSED_VARIABLE = YES;
				IPHONEOS_DEPLOYMENT_TARGET = 14.0;
				MTL_ENABLE_DEBUG_INFO = NO;
				MTL_FAST_MATH = YES;
				SDKROOT = iphoneos;
				SWIFT_COMPILATION_MODE = wholemodule;
				SWIFT_OPTIMIZATION_LEVEL = "-O";
				VALIDATE_PRODUCT = YES;
			};
			name = Release;
		};
		B4DE2CC0254B35F500B14E07 /* Debug */ = {
			isa = XCBuildConfiguration;
			buildSettings = {
				ASSETCATALOG_COMPILER_APPICON_NAME = AppIcon;
				ASSETCATALOG_COMPILER_GLOBAL_ACCENT_COLOR_NAME = AccentColor;
				CODE_SIGN_STYLE = Automatic;
				DEVELOPMENT_TEAM = QZB89W5WY6;
				INFOPLIST_FILE = DocumentReader/Info.plist;
				LD_RUNPATH_SEARCH_PATHS = (
					"$(inherited)",
					"@executable_path/Frameworks",
				);
				PRODUCT_BUNDLE_IDENTIFIER = organization.DocumentReader;
				PRODUCT_NAME = "$(TARGET_NAME)";
				SWIFT_VERSION = 5.0;
				TARGETED_DEVICE_FAMILY = "1,2";
			};
			name = Debug;
		};
		B4DE2CC1254B35F500B14E07 /* Release */ = {
			isa = XCBuildConfiguration;
			buildSettings = {
				ASSETCATALOG_COMPILER_APPICON_NAME = AppIcon;
				ASSETCATALOG_COMPILER_GLOBAL_ACCENT_COLOR_NAME = AccentColor;
				CODE_SIGN_STYLE = Automatic;
				DEVELOPMENT_TEAM = QZB89W5WY6;
				INFOPLIST_FILE = DocumentReader/Info.plist;
				LD_RUNPATH_SEARCH_PATHS = (
					"$(inherited)",
					"@executable_path/Frameworks",
				);
				PRODUCT_BUNDLE_IDENTIFIER = organization.DocumentReader;
				PRODUCT_NAME = "$(TARGET_NAME)";
				SWIFT_VERSION = 5.0;
				TARGETED_DEVICE_FAMILY = "1,2";
			};
			name = Release;
		};
		B4DE2CC3254B35F500B14E07 /* Debug */ = {
			isa = XCBuildConfiguration;
			buildSettings = {
				ALWAYS_EMBED_SWIFT_STANDARD_LIBRARIES = YES;
				BUNDLE_LOADER = "$(TEST_HOST)";
				CODE_SIGN_STYLE = Automatic;
				DEVELOPMENT_TEAM = QZB89W5WY6;
				INFOPLIST_FILE = DocumentReaderTests/Info.plist;
				IPHONEOS_DEPLOYMENT_TARGET = 14.0;
				LD_RUNPATH_SEARCH_PATHS = (
					"$(inherited)",
					"@executable_path/Frameworks",
					"@loader_path/Frameworks",
				);
				PRODUCT_BUNDLE_IDENTIFIER = organization.DocumentReaderTests;
				PRODUCT_NAME = "$(TARGET_NAME)";
				SWIFT_VERSION = 5.0;
				TARGETED_DEVICE_FAMILY = "1,2";
				TEST_HOST = "$(BUILT_PRODUCTS_DIR)/DocumentReader.app/DocumentReader";
			};
			name = Debug;
		};
		B4DE2CC4254B35F500B14E07 /* Release */ = {
			isa = XCBuildConfiguration;
			buildSettings = {
				ALWAYS_EMBED_SWIFT_STANDARD_LIBRARIES = YES;
				BUNDLE_LOADER = "$(TEST_HOST)";
				CODE_SIGN_STYLE = Automatic;
				DEVELOPMENT_TEAM = QZB89W5WY6;
				INFOPLIST_FILE = DocumentReaderTests/Info.plist;
				IPHONEOS_DEPLOYMENT_TARGET = 14.0;
				LD_RUNPATH_SEARCH_PATHS = (
					"$(inherited)",
					"@executable_path/Frameworks",
					"@loader_path/Frameworks",
				);
				PRODUCT_BUNDLE_IDENTIFIER = organization.DocumentReaderTests;
				PRODUCT_NAME = "$(TARGET_NAME)";
				SWIFT_VERSION = 5.0;
				TARGETED_DEVICE_FAMILY = "1,2";
				TEST_HOST = "$(BUILT_PRODUCTS_DIR)/DocumentReader.app/DocumentReader";
			};
			name = Release;
		};
		B4DE2CC6254B35F500B14E07 /* Debug */ = {
			isa = XCBuildConfiguration;
			buildSettings = {
				ALWAYS_EMBED_SWIFT_STANDARD_LIBRARIES = YES;
				CODE_SIGN_STYLE = Automatic;
				DEVELOPMENT_TEAM = QZB89W5WY6;
				INFOPLIST_FILE = DocumentReaderUITests/Info.plist;
				LD_RUNPATH_SEARCH_PATHS = (
					"$(inherited)",
					"@executable_path/Frameworks",
					"@loader_path/Frameworks",
				);
				PRODUCT_BUNDLE_IDENTIFIER = organization.DocumentReaderUITests;
				PRODUCT_NAME = "$(TARGET_NAME)";
				SWIFT_VERSION = 5.0;
				TARGETED_DEVICE_FAMILY = "1,2";
				TEST_TARGET_NAME = DocumentReader;
			};
			name = Debug;
		};
		B4DE2CC7254B35F500B14E07 /* Release */ = {
			isa = XCBuildConfiguration;
			buildSettings = {
				ALWAYS_EMBED_SWIFT_STANDARD_LIBRARIES = YES;
				CODE_SIGN_STYLE = Automatic;
				DEVELOPMENT_TEAM = QZB89W5WY6;
				INFOPLIST_FILE = DocumentReaderUITests/Info.plist;
				LD_RUNPATH_SEARCH_PATHS = (
					"$(inherited)",
					"@executable_path/Frameworks",
					"@loader_path/Frameworks",
				);
				PRODUCT_BUNDLE_IDENTIFIER = organization.DocumentReaderUITests;
				PRODUCT_NAME = "$(TARGET_NAME)";
				SWIFT_VERSION = 5.0;
				TARGETED_DEVICE_FAMILY = "1,2";
				TEST_TARGET_NAME = DocumentReader;
			};
			name = Release;
		};
/* End XCBuildConfiguration section */

/* Begin XCConfigurationList section */
		B4DE2C90254B35F300B14E07 /* Build configuration list for PBXProject "DocumentReader" */ = {
			isa = XCConfigurationList;
			buildConfigurations = (
				B4DE2CBD254B35F500B14E07 /* Debug */,
				B4DE2CBE254B35F500B14E07 /* Release */,
			);
			defaultConfigurationIsVisible = 0;
			defaultConfigurationName = Release;
		};
		B4DE2CBF254B35F500B14E07 /* Build configuration list for PBXNativeTarget "DocumentReader" */ = {
			isa = XCConfigurationList;
			buildConfigurations = (
				B4DE2CC0254B35F500B14E07 /* Debug */,
				B4DE2CC1254B35F500B14E07 /* Release */,
			);
			defaultConfigurationIsVisible = 0;
			defaultConfigurationName = Release;
		};
		B4DE2CC2254B35F500B14E07 /* Build configuration list for PBXNativeTarget "DocumentReaderTests" */ = {
			isa = XCConfigurationList;
			buildConfigurations = (
				B4DE2CC3254B35F500B14E07 /* Debug */,
				B4DE2CC4254B35F500B14E07 /* Release */,
			);
			defaultConfigurationIsVisible = 0;
			defaultConfigurationName = Release;
		};
		B4DE2CC5254B35F500B14E07 /* Build configuration list for PBXNativeTarget "DocumentReaderUITests" */ = {
			isa = XCConfigurationList;
			buildConfigurations = (
				B4DE2CC6254B35F500B14E07 /* Debug */,
				B4DE2CC7254B35F500B14E07 /* Release */,
			);
			defaultConfigurationIsVisible = 0;
			defaultConfigurationName = Release;
		};
/* End XCConfigurationList section */
	};
	rootObject = B4DE2C8D254B35F300B14E07 /* Project object */;
}
