// !$*UTF8*$!
{
	archiveVersion = 1;
	classes = {
	};
	objectVersion = 51;
	objects = {

/* Begin PBXBuildFile section */
		42BC0CB0A9E94F4A8CA07C21 /* Pods_DocumentReader_DocumentReaderTests.framework in Frameworks */ = {isa = PBXBuildFile; fileRef = 2DCC9983E2B5C0D59DAC6712 /* Pods_DocumentReader_DocumentReaderTests.framework */; };
		B4A03011254DC9E300D71F37 /* CameraVC.swift in Sources */ = {isa = PBXBuildFile; fileRef = B4A03010254DC9E300D71F37 /* CameraVC.swift */; };
		B4A0301C254DD2F600D71F37 /* IsDebug.swift in Sources */ = {isa = PBXBuildFile; fileRef = B4A0301B254DD2F600D71F37 /* IsDebug.swift */; };
		B4A0303E254DE4A600D71F37 /* CameraView.swift in Sources */ = {isa = PBXBuildFile; fileRef = B4A0303D254DE4A600D71F37 /* CameraView.swift */; };
		B4C297422556AF0800FF0405 /* Bindable.swift in Sources */ = {isa = PBXBuildFile; fileRef = B4C297412556AF0800FF0405 /* Bindable.swift */; };
		B4C297482556AF1900FF0405 /* ViewModel.swift in Sources */ = {isa = PBXBuildFile; fileRef = B4C297472556AF1900FF0405 /* ViewModel.swift */; };
		B4C2974C2556BA4B00FF0405 /* ValidationError.swift in Sources */ = {isa = PBXBuildFile; fileRef = B4C2974B2556BA4B00FF0405 /* ValidationError.swift */; };
		B4C297542556E27E00FF0405 /* CGImage+Brightness.swift in Sources */ = {isa = PBXBuildFile; fileRef = B4C297532556E27E00FF0405 /* CGImage+Brightness.swift */; };
		B4C297582556E6DC00FF0405 /* AsyncOnMain.swift in Sources */ = {isa = PBXBuildFile; fileRef = B4C297572556E6DC00FF0405 /* AsyncOnMain.swift */; };
		B4DE2C99254B35F300B14E07 /* AppDelegate.swift in Sources */ = {isa = PBXBuildFile; fileRef = B4DE2C98254B35F300B14E07 /* AppDelegate.swift */; };
		B4DE2C9B254B35F300B14E07 /* SceneDelegate.swift in Sources */ = {isa = PBXBuildFile; fileRef = B4DE2C9A254B35F300B14E07 /* SceneDelegate.swift */; };
		B4DE2C9D254B35F300B14E07 /* MainVC.swift in Sources */ = {isa = PBXBuildFile; fileRef = B4DE2C9C254B35F300B14E07 /* MainVC.swift */; };
		B4DE2CA0254B35F300B14E07 /* Main.storyboard in Resources */ = {isa = PBXBuildFile; fileRef = B4DE2C9E254B35F300B14E07 /* Main.storyboard */; };
		B4DE2CA2254B35F500B14E07 /* Assets.xcassets in Resources */ = {isa = PBXBuildFile; fileRef = B4DE2CA1254B35F500B14E07 /* Assets.xcassets */; };
		B4DE2CA5254B35F500B14E07 /* LaunchScreen.storyboard in Resources */ = {isa = PBXBuildFile; fileRef = B4DE2CA3254B35F500B14E07 /* LaunchScreen.storyboard */; };
		B4DE2CB0254B35F500B14E07 /* DocumentReaderTests.swift in Sources */ = {isa = PBXBuildFile; fileRef = B4DE2CAF254B35F500B14E07 /* DocumentReaderTests.swift */; };
		B4DE2CBB254B35F500B14E07 /* DocumentReaderUITests.swift in Sources */ = {isa = PBXBuildFile; fileRef = B4DE2CBA254B35F500B14E07 /* DocumentReaderUITests.swift */; };
		B4DE2CDE254B375700B14E07 /* MainVM.swift in Sources */ = {isa = PBXBuildFile; fileRef = B4DE2CDD254B375700B14E07 /* MainVM.swift */; };
		B4DE2D30254B3A5500B14E07 /* Identification.swift in Sources */ = {isa = PBXBuildFile; fileRef = B4DE2D2F254B3A5500B14E07 /* Identification.swift */; };
		B4DE2D35254B3AC500B14E07 /* API.swift in Sources */ = {isa = PBXBuildFile; fileRef = B4DE2D34254B3AC500B14E07 /* API.swift */; };
		B4DE2D3A254B3B3700B14E07 /* RequestConfig.swift in Sources */ = {isa = PBXBuildFile; fileRef = B4DE2D39254B3B3700B14E07 /* RequestConfig.swift */; };
		B4DE2D4D254B3F6C00B14E07 /* Error+Extension.swift in Sources */ = {isa = PBXBuildFile; fileRef = B4DE2D4C254B3F6C00B14E07 /* Error+Extension.swift */; };
		B4DE2D55254B424800B14E07 /* ValidationResponse.swift in Sources */ = {isa = PBXBuildFile; fileRef = B4DE2D54254B424800B14E07 /* ValidationResponse.swift */; };
		B4DE2D90254B46A600B14E07 /* Pods_DocumentReader.framework in Frameworks */ = {isa = PBXBuildFile; fileRef = E304D2A44EBB828864B4B60A /* Pods_DocumentReader.framework */; };
		B4DE2D91254B46A600B14E07 /* Pods_DocumentReader.framework in Embed Frameworks */ = {isa = PBXBuildFile; fileRef = E304D2A44EBB828864B4B60A /* Pods_DocumentReader.framework */; settings = {ATTRIBUTES = (CodeSignOnCopy, RemoveHeadersOnCopy, ); }; };
		B4DE2DAE254B486900B14E07 /* JSONCodable.swift in Sources */ = {isa = PBXBuildFile; fileRef = B4DE2DAD254B486900B14E07 /* JSONCodable.swift */; };
		B4F5462325512D420042810D /* CameraVM.swift in Sources */ = {isa = PBXBuildFile; fileRef = B4F5462225512D420042810D /* CameraVM.swift */; };
		B4F5462E255137640042810D /* String+Extension.swift in Sources */ = {isa = PBXBuildFile; fileRef = B4F5462D255137640042810D /* String+Extension.swift */; };
/* End PBXBuildFile section */

/* Begin PBXContainerItemProxy section */
		B4DE2CAC254B35F500B14E07 /* PBXContainerItemProxy */ = {
			isa = PBXContainerItemProxy;
			containerPortal = B4DE2C8D254B35F300B14E07 /* Project object */;
			proxyType = 1;
			remoteGlobalIDString = B4DE2C94254B35F300B14E07;
			remoteInfo = DocumentReader;
		};
		B4DE2CB7254B35F500B14E07 /* PBXContainerItemProxy */ = {
			isa = PBXContainerItemProxy;
			containerPortal = B4DE2C8D254B35F300B14E07 /* Project object */;
			proxyType = 1;
			remoteGlobalIDString = B4DE2C94254B35F300B14E07;
			remoteInfo = DocumentReader;
		};
/* End PBXContainerItemProxy section */

/* Begin PBXCopyFilesBuildPhase section */
		B4DE2D92254B46A600B14E07 /* Embed Frameworks */ = {
			isa = PBXCopyFilesBuildPhase;
			buildActionMask = 2147483647;
			dstPath = "";
			dstSubfolderSpec = 10;
			files = (
				B4DE2D91254B46A600B14E07 /* Pods_DocumentReader.framework in Embed Frameworks */,
			);
			name = "Embed Frameworks";
			runOnlyForDeploymentPostprocessing = 0;
		};
/* End PBXCopyFilesBuildPhase section */

/* Begin PBXFileReference section */
		18DE9F20768EDA210DFCA5C3 /* Pods-DocumentReaderTests.debug.xcconfig */ = {isa = PBXFileReference; includeInIndex = 1; lastKnownFileType = text.xcconfig; name = "Pods-DocumentReaderTests.debug.xcconfig"; path = "Target Support Files/Pods-DocumentReaderTests/Pods-DocumentReaderTests.debug.xcconfig"; sourceTree = "<group>"; };
		190C1D67DA29E912FF165917 /* Pods-DocumentReaderTests.release.xcconfig */ = {isa = PBXFileReference; includeInIndex = 1; lastKnownFileType = text.xcconfig; name = "Pods-DocumentReaderTests.release.xcconfig"; path = "Target Support Files/Pods-DocumentReaderTests/Pods-DocumentReaderTests.release.xcconfig"; sourceTree = "<group>"; };
		2DCC9983E2B5C0D59DAC6712 /* Pods_DocumentReader_DocumentReaderTests.framework */ = {isa = PBXFileReference; explicitFileType = wrapper.framework; includeInIndex = 0; path = Pods_DocumentReader_DocumentReaderTests.framework; sourceTree = BUILT_PRODUCTS_DIR; };
		4FB7B8346D521E1788A16D84 /* Pods-DocumentReader.release.xcconfig */ = {isa = PBXFileReference; includeInIndex = 1; lastKnownFileType = text.xcconfig; name = "Pods-DocumentReader.release.xcconfig"; path = "Target Support Files/Pods-DocumentReader/Pods-DocumentReader.release.xcconfig"; sourceTree = "<group>"; };
		564347F85158F00626B4C632 /* Pods-DocumentReader-DocumentReaderTests.debug.xcconfig */ = {isa = PBXFileReference; includeInIndex = 1; lastKnownFileType = text.xcconfig; name = "Pods-DocumentReader-DocumentReaderTests.debug.xcconfig"; path = "Target Support Files/Pods-DocumentReader-DocumentReaderTests/Pods-DocumentReader-DocumentReaderTests.debug.xcconfig"; sourceTree = "<group>"; };
		80050F295A2D860FFB31CCC1 /* Pods-DocumentReader-DocumentReaderTests.release.xcconfig */ = {isa = PBXFileReference; includeInIndex = 1; lastKnownFileType = text.xcconfig; name = "Pods-DocumentReader-DocumentReaderTests.release.xcconfig"; path = "Target Support Files/Pods-DocumentReader-DocumentReaderTests/Pods-DocumentReader-DocumentReaderTests.release.xcconfig"; sourceTree = "<group>"; };
		9E583C605319D591361BB75C /* Pods-DocumentReader.debug.xcconfig */ = {isa = PBXFileReference; includeInIndex = 1; lastKnownFileType = text.xcconfig; name = "Pods-DocumentReader.debug.xcconfig"; path = "Target Support Files/Pods-DocumentReader/Pods-DocumentReader.debug.xcconfig"; sourceTree = "<group>"; };
		B4A03010254DC9E300D71F37 /* CameraVC.swift */ = {isa = PBXFileReference; lastKnownFileType = sourcecode.swift; path = CameraVC.swift; sourceTree = "<group>"; };
		B4A0301B254DD2F600D71F37 /* IsDebug.swift */ = {isa = PBXFileReference; lastKnownFileType = sourcecode.swift; path = IsDebug.swift; sourceTree = "<group>"; };
		B4A0303D254DE4A600D71F37 /* CameraView.swift */ = {isa = PBXFileReference; lastKnownFileType = sourcecode.swift; path = CameraView.swift; sourceTree = "<group>"; };
		B4C297412556AF0800FF0405 /* Bindable.swift */ = {isa = PBXFileReference; lastKnownFileType = sourcecode.swift; path = Bindable.swift; sourceTree = "<group>"; };
		B4C297472556AF1900FF0405 /* ViewModel.swift */ = {isa = PBXFileReference; lastKnownFileType = sourcecode.swift; path = ViewModel.swift; sourceTree = "<group>"; };
		B4C2974B2556BA4B00FF0405 /* ValidationError.swift */ = {isa = PBXFileReference; lastKnownFileType = sourcecode.swift; path = ValidationError.swift; sourceTree = "<group>"; };
		B4C297532556E27E00FF0405 /* CGImage+Brightness.swift */ = {isa = PBXFileReference; lastKnownFileType = sourcecode.swift; path = "CGImage+Brightness.swift"; sourceTree = "<group>"; };
		B4C297572556E6DC00FF0405 /* AsyncOnMain.swift */ = {isa = PBXFileReference; lastKnownFileType = sourcecode.swift; path = AsyncOnMain.swift; sourceTree = "<group>"; };
		B4DE2C95254B35F300B14E07 /* DocumentReader.app */ = {isa = PBXFileReference; explicitFileType = wrapper.application; includeInIndex = 0; path = DocumentReader.app; sourceTree = BUILT_PRODUCTS_DIR; };
		B4DE2C98254B35F300B14E07 /* AppDelegate.swift */ = {isa = PBXFileReference; lastKnownFileType = sourcecode.swift; path = AppDelegate.swift; sourceTree = "<group>"; };
		B4DE2C9A254B35F300B14E07 /* SceneDelegate.swift */ = {isa = PBXFileReference; lastKnownFileType = sourcecode.swift; path = SceneDelegate.swift; sourceTree = "<group>"; };
		B4DE2C9C254B35F300B14E07 /* MainVC.swift */ = {isa = PBXFileReference; lastKnownFileType = sourcecode.swift; path = MainVC.swift; sourceTree = "<group>"; };
		B4DE2C9F254B35F300B14E07 /* Base */ = {isa = PBXFileReference; lastKnownFileType = file.storyboard; name = Base; path = Base.lproj/Main.storyboard; sourceTree = "<group>"; };
		B4DE2CA1254B35F500B14E07 /* Assets.xcassets */ = {isa = PBXFileReference; lastKnownFileType = folder.assetcatalog; path = Assets.xcassets; sourceTree = "<group>"; };
		B4DE2CA4254B35F500B14E07 /* Base */ = {isa = PBXFileReference; lastKnownFileType = file.storyboard; name = Base; path = Base.lproj/LaunchScreen.storyboard; sourceTree = "<group>"; };
		B4DE2CA6254B35F500B14E07 /* Info.plist */ = {isa = PBXFileReference; lastKnownFileType = text.plist.xml; path = Info.plist; sourceTree = "<group>"; };
		B4DE2CAB254B35F500B14E07 /* DocumentReaderTests.xctest */ = {isa = PBXFileReference; explicitFileType = wrapper.cfbundle; includeInIndex = 0; path = DocumentReaderTests.xctest; sourceTree = BUILT_PRODUCTS_DIR; };
		B4DE2CAF254B35F500B14E07 /* DocumentReaderTests.swift */ = {isa = PBXFileReference; lastKnownFileType = sourcecode.swift; path = DocumentReaderTests.swift; sourceTree = "<group>"; };
		B4DE2CB1254B35F500B14E07 /* Info.plist */ = {isa = PBXFileReference; lastKnownFileType = text.plist.xml; path = Info.plist; sourceTree = "<group>"; };
		B4DE2CB6254B35F500B14E07 /* DocumentReaderUITests.xctest */ = {isa = PBXFileReference; explicitFileType = wrapper.cfbundle; includeInIndex = 0; path = DocumentReaderUITests.xctest; sourceTree = BUILT_PRODUCTS_DIR; };
		B4DE2CBA254B35F500B14E07 /* DocumentReaderUITests.swift */ = {isa = PBXFileReference; lastKnownFileType = sourcecode.swift; path = DocumentReaderUITests.swift; sourceTree = "<group>"; };
		B4DE2CBC254B35F500B14E07 /* Info.plist */ = {isa = PBXFileReference; lastKnownFileType = text.plist.xml; path = Info.plist; sourceTree = "<group>"; };
		B4DE2CDD254B375700B14E07 /* MainVM.swift */ = {isa = PBXFileReference; lastKnownFileType = sourcecode.swift; path = MainVM.swift; sourceTree = "<group>"; };
		B4DE2D2F254B3A5500B14E07 /* Identification.swift */ = {isa = PBXFileReference; lastKnownFileType = sourcecode.swift; path = Identification.swift; sourceTree = "<group>"; };
		B4DE2D34254B3AC500B14E07 /* API.swift */ = {isa = PBXFileReference; lastKnownFileType = sourcecode.swift; path = API.swift; sourceTree = "<group>"; };
		B4DE2D39254B3B3700B14E07 /* RequestConfig.swift */ = {isa = PBXFileReference; lastKnownFileType = sourcecode.swift; path = RequestConfig.swift; sourceTree = "<group>"; };
		B4DE2D4C254B3F6C00B14E07 /* Error+Extension.swift */ = {isa = PBXFileReference; lastKnownFileType = sourcecode.swift; path = "Error+Extension.swift"; sourceTree = "<group>"; };
		B4DE2D54254B424800B14E07 /* ValidationResponse.swift */ = {isa = PBXFileReference; lastKnownFileType = sourcecode.swift; path = ValidationResponse.swift; sourceTree = "<group>"; };
		B4DE2DAD254B486900B14E07 /* JSONCodable.swift */ = {isa = PBXFileReference; lastKnownFileType = sourcecode.swift; path = JSONCodable.swift; sourceTree = "<group>"; };
		B4DE2DBA254B4A8100B14E07 /* libc++.tbd */ = {isa = PBXFileReference; lastKnownFileType = "sourcecode.text-based-dylib-definition"; name = "libc++.tbd"; path = "usr/lib/libc++.tbd"; sourceTree = SDKROOT; };
		B4DE2DEB254B4FC700B14E07 /* QKMRZScanner.framework */ = {isa = PBXFileReference; lastKnownFileType = wrapper.framework; path = QKMRZScanner.framework; sourceTree = "<group>"; };
		B4F5462225512D420042810D /* CameraVM.swift */ = {isa = PBXFileReference; lastKnownFileType = sourcecode.swift; path = CameraVM.swift; sourceTree = "<group>"; };
		B4F5462D255137640042810D /* String+Extension.swift */ = {isa = PBXFileReference; lastKnownFileType = sourcecode.swift; path = "String+Extension.swift"; sourceTree = "<group>"; };
		E304D2A44EBB828864B4B60A /* Pods_DocumentReader.framework */ = {isa = PBXFileReference; explicitFileType = wrapper.framework; includeInIndex = 0; path = Pods_DocumentReader.framework; sourceTree = BUILT_PRODUCTS_DIR; };
/* End PBXFileReference section */

/* Begin PBXFrameworksBuildPhase section */
		B4DE2C92254B35F300B14E07 /* Frameworks */ = {
			isa = PBXFrameworksBuildPhase;
			buildActionMask = 2147483647;
			files = (
				B4DE2D90254B46A600B14E07 /* Pods_DocumentReader.framework in Frameworks */,
			);
			runOnlyForDeploymentPostprocessing = 0;
		};
		B4DE2CA8254B35F500B14E07 /* Frameworks */ = {
			isa = PBXFrameworksBuildPhase;
			buildActionMask = 2147483647;
			files = (
				42BC0CB0A9E94F4A8CA07C21 /* Pods_DocumentReader_DocumentReaderTests.framework in Frameworks */,
			);
			runOnlyForDeploymentPostprocessing = 0;
		};
		B4DE2CB3254B35F500B14E07 /* Frameworks */ = {
			isa = PBXFrameworksBuildPhase;
			buildActionMask = 2147483647;
			files = (
			);
			runOnlyForDeploymentPostprocessing = 0;
		};
/* End PBXFrameworksBuildPhase section */

/* Begin PBXGroup section */
		4FA82234CFDA33D1A32F37E2 /* Frameworks */ = {
			isa = PBXGroup;
			children = (
				B4DE2DEB254B4FC700B14E07 /* QKMRZScanner.framework */,
				B4DE2DBA254B4A8100B14E07 /* libc++.tbd */,
				E304D2A44EBB828864B4B60A /* Pods_DocumentReader.framework */,
				2DCC9983E2B5C0D59DAC6712 /* Pods_DocumentReader_DocumentReaderTests.framework */,
			);
			name = Frameworks;
			sourceTree = "<group>";
		};
		8FD4ED67990B9A98A9AC03AF /* Pods */ = {
			isa = PBXGroup;
			children = (
				9E583C605319D591361BB75C /* Pods-DocumentReader.debug.xcconfig */,
				4FB7B8346D521E1788A16D84 /* Pods-DocumentReader.release.xcconfig */,
				18DE9F20768EDA210DFCA5C3 /* Pods-DocumentReaderTests.debug.xcconfig */,
				190C1D67DA29E912FF165917 /* Pods-DocumentReaderTests.release.xcconfig */,
				564347F85158F00626B4C632 /* Pods-DocumentReader-DocumentReaderTests.debug.xcconfig */,
				80050F295A2D860FFB31CCC1 /* Pods-DocumentReader-DocumentReaderTests.release.xcconfig */,
			);
			path = Pods;
			sourceTree = "<group>";
		};
		B4A0303C254DE49700D71F37 /* Views */ = {
			isa = PBXGroup;
			children = (
				B4A0303D254DE4A600D71F37 /* CameraView.swift */,
			);
			path = Views;
			sourceTree = "<group>";
		};
		B4C297402556AEF200FF0405 /* Helpers */ = {
			isa = PBXGroup;
			children = (
				B4C297412556AF0800FF0405 /* Bindable.swift */,
				B4C297472556AF1900FF0405 /* ViewModel.swift */,
				B4C297572556E6DC00FF0405 /* AsyncOnMain.swift */,
			);
			path = Helpers;
			sourceTree = "<group>";
		};
		B4DE2C8C254B35F300B14E07 = {
			isa = PBXGroup;
			children = (
				B4DE2C97254B35F300B14E07 /* DocumentReader */,
				B4DE2CAE254B35F500B14E07 /* DocumentReaderTests */,
				B4DE2CB9254B35F500B14E07 /* DocumentReaderUITests */,
				B4DE2C96254B35F300B14E07 /* Products */,
				8FD4ED67990B9A98A9AC03AF /* Pods */,
				4FA82234CFDA33D1A32F37E2 /* Frameworks */,
			);
			sourceTree = "<group>";
		};
		B4DE2C96254B35F300B14E07 /* Products */ = {
			isa = PBXGroup;
			children = (
				B4DE2C95254B35F300B14E07 /* DocumentReader.app */,
				B4DE2CAB254B35F500B14E07 /* DocumentReaderTests.xctest */,
				B4DE2CB6254B35F500B14E07 /* DocumentReaderUITests.xctest */,
			);
			name = Products;
			sourceTree = "<group>";
		};
		B4DE2C97254B35F300B14E07 /* DocumentReader */ = {
			isa = PBXGroup;
			children = (
				B4DE2CD2254B36B300B14E07 /* App */,
				B4DE2CD3254B36B800B14E07 /* Resources */,
			);
			path = DocumentReader;
			sourceTree = "<group>";
		};
		B4DE2CAE254B35F500B14E07 /* DocumentReaderTests */ = {
			isa = PBXGroup;
			children = (
				B4DE2CAF254B35F500B14E07 /* DocumentReaderTests.swift */,
				B4DE2CB1254B35F500B14E07 /* Info.plist */,
			);
			path = DocumentReaderTests;
			sourceTree = "<group>";
		};
		B4DE2CB9254B35F500B14E07 /* DocumentReaderUITests */ = {
			isa = PBXGroup;
			children = (
				B4DE2CBA254B35F500B14E07 /* DocumentReaderUITests.swift */,
				B4DE2CBC254B35F500B14E07 /* Info.plist */,
			);
			path = DocumentReaderUITests;
			sourceTree = "<group>";
		};
		B4DE2CD2254B36B300B14E07 /* App */ = {
			isa = PBXGroup;
			children = (
				B4DE2CD4254B36EC00B14E07 /* API */,
				B4DE2CD5254B36F500B14E07 /* Models */,
				B4DE2D4A254B3F4C00B14E07 /* Utils */,
				B4C297402556AEF200FF0405 /* Helpers */,
				B4DE2CD6254B370200B14E07 /* Scenes */,
				B4DE2C98254B35F300B14E07 /* AppDelegate.swift */,
				B4DE2C9A254B35F300B14E07 /* SceneDelegate.swift */,
			);
			path = App;
			sourceTree = "<group>";
		};
		B4DE2CD3254B36B800B14E07 /* Resources */ = {
			isa = PBXGroup;
			children = (
				B4DE2CA3254B35F500B14E07 /* LaunchScreen.storyboard */,
				B4DE2CA6254B35F500B14E07 /* Info.plist */,
				B4DE2CA1254B35F500B14E07 /* Assets.xcassets */,
			);
			path = Resources;
			sourceTree = "<group>";
		};
		B4DE2CD4254B36EC00B14E07 /* API */ = {
			isa = PBXGroup;
			children = (
				B4DE2D34254B3AC500B14E07 /* API.swift */,
				B4DE2D2F254B3A5500B14E07 /* Identification.swift */,
				B4DE2D39254B3B3700B14E07 /* RequestConfig.swift */,
				B4DE2DAD254B486900B14E07 /* JSONCodable.swift */,
			);
			path = API;
			sourceTree = "<group>";
		};
		B4DE2CD5254B36F500B14E07 /* Models */ = {
			isa = PBXGroup;
			children = (
				B4DE2D54254B424800B14E07 /* ValidationResponse.swift */,
				B4C2974B2556BA4B00FF0405 /* ValidationError.swift */,
			);
			path = Models;
			sourceTree = "<group>";
		};
		B4DE2CD6254B370200B14E07 /* Scenes */ = {
			isa = PBXGroup;
			children = (
				B4DE2CDA254B372600B14E07 /* Main */,
			);
			path = Scenes;
			sourceTree = "<group>";
		};
		B4DE2CDA254B372600B14E07 /* Main */ = {
			isa = PBXGroup;
			children = (
				B4A0303C254DE49700D71F37 /* Views */,
				B4DE2CDB254B373E00B14E07 /* VMs */,
				B4DE2C9C254B35F300B14E07 /* MainVC.swift */,
				B4A03010254DC9E300D71F37 /* CameraVC.swift */,
				B4DE2C9E254B35F300B14E07 /* Main.storyboard */,
			);
			path = Main;
			sourceTree = "<group>";
		};
		B4DE2CDB254B373E00B14E07 /* VMs */ = {
			isa = PBXGroup;
			children = (
				B4DE2CDD254B375700B14E07 /* MainVM.swift */,
				B4F5462225512D420042810D /* CameraVM.swift */,
			);
			path = VMs;
			sourceTree = "<group>";
		};
		B4DE2D4A254B3F4C00B14E07 /* Utils */ = {
			isa = PBXGroup;
			children = (
				B4DE2D4C254B3F6C00B14E07 /* Error+Extension.swift */,
				B4A0301B254DD2F600D71F37 /* IsDebug.swift */,
				B4F5462D255137640042810D /* String+Extension.swift */,
				B4C297532556E27E00FF0405 /* CGImage+Brightness.swift */,
			);
			path = Utils;
			sourceTree = "<group>";
		};
/* End PBXGroup section */

/* Begin PBXNativeTarget section */
		B4DE2C94254B35F300B14E07 /* DocumentReader */ = {
			isa = PBXNativeTarget;
			buildConfigurationList = B4DE2CBF254B35F500B14E07 /* Build configuration list for PBXNativeTarget "DocumentReader" */;
			buildPhases = (
				0D80944E65231DF2FF64A148 /* [CP] Check Pods Manifest.lock */,
				B4DE2C91254B35F300B14E07 /* Sources */,
				B4DE2C92254B35F300B14E07 /* Frameworks */,
				B4DE2C93254B35F300B14E07 /* Resources */,
				F960CB37C154115AF2176045 /* [CP] Embed Pods Frameworks */,
				B4DE2D41254B3CF700B14E07 /* Lint */,
				B4DE2D92254B46A600B14E07 /* Embed Frameworks */,
			);
			buildRules = (
			);
			dependencies = (
			);
			name = DocumentReader;
			productName = DocumentReader;
			productReference = B4DE2C95254B35F300B14E07 /* DocumentReader.app */;
			productType = "com.apple.product-type.application";
		};
		B4DE2CAA254B35F500B14E07 /* DocumentReaderTests */ = {
			isa = PBXNativeTarget;
			buildConfigurationList = B4DE2CC2254B35F500B14E07 /* Build configuration list for PBXNativeTarget "DocumentReaderTests" */;
			buildPhases = (
				7BC2CA7A74A124534285BC84 /* [CP] Check Pods Manifest.lock */,
				B4DE2CA7254B35F500B14E07 /* Sources */,
				B4DE2CA8254B35F500B14E07 /* Frameworks */,
				B4DE2CA9254B35F500B14E07 /* Resources */,
				A4A82953FD4B264C2CD07C89 /* [CP] Embed Pods Frameworks */,
			);
			buildRules = (
			);
			dependencies = (
				B4DE2CAD254B35F500B14E07 /* PBXTargetDependency */,
			);
			name = DocumentReaderTests;
			productName = DocumentReaderTests;
			productReference = B4DE2CAB254B35F500B14E07 /* DocumentReaderTests.xctest */;
			productType = "com.apple.product-type.bundle.unit-test";
		};
		B4DE2CB5254B35F500B14E07 /* DocumentReaderUITests */ = {
			isa = PBXNativeTarget;
			buildConfigurationList = B4DE2CC5254B35F500B14E07 /* Build configuration list for PBXNativeTarget "DocumentReaderUITests" */;
			buildPhases = (
				B4DE2CB2254B35F500B14E07 /* Sources */,
				B4DE2CB3254B35F500B14E07 /* Frameworks */,
				B4DE2CB4254B35F500B14E07 /* Resources */,
			);
			buildRules = (
			);
			dependencies = (
				B4DE2CB8254B35F500B14E07 /* PBXTargetDependency */,
			);
			name = DocumentReaderUITests;
			productName = DocumentReaderUITests;
			productReference = B4DE2CB6254B35F500B14E07 /* DocumentReaderUITests.xctest */;
			productType = "com.apple.product-type.bundle.ui-testing";
		};
/* End PBXNativeTarget section */

/* Begin PBXProject section */
		B4DE2C8D254B35F300B14E07 /* Project object */ = {
			isa = PBXProject;
			attributes = {
				LastSwiftUpdateCheck = 1200;
				LastUpgradeCheck = 1200;
				TargetAttributes = {
					B4DE2C94254B35F300B14E07 = {
						CreatedOnToolsVersion = 12.0.1;
					};
					B4DE2CAA254B35F500B14E07 = {
						CreatedOnToolsVersion = 12.0.1;
						TestTargetID = B4DE2C94254B35F300B14E07;
					};
					B4DE2CB5254B35F500B14E07 = {
						CreatedOnToolsVersion = 12.0.1;
						TestTargetID = B4DE2C94254B35F300B14E07;
					};
				};
			};
			buildConfigurationList = B4DE2C90254B35F300B14E07 /* Build configuration list for PBXProject "DocumentReader" */;
			compatibilityVersion = "Xcode 9.3";
			developmentRegion = en;
			hasScannedForEncodings = 0;
			knownRegions = (
				en,
				Base,
			);
			mainGroup = B4DE2C8C254B35F300B14E07;
			productRefGroup = B4DE2C96254B35F300B14E07 /* Products */;
			projectDirPath = "";
			projectRoot = "";
			targets = (
				B4DE2C94254B35F300B14E07 /* DocumentReader */,
				B4DE2CAA254B35F500B14E07 /* DocumentReaderTests */,
				B4DE2CB5254B35F500B14E07 /* DocumentReaderUITests */,
			);
		};
/* End PBXProject section */

/* Begin PBXResourcesBuildPhase section */
		B4DE2C93254B35F300B14E07 /* Resources */ = {
			isa = PBXResourcesBuildPhase;
			buildActionMask = 2147483647;
			files = (
				B4DE2CA5254B35F500B14E07 /* LaunchScreen.storyboard in Resources */,
				B4DE2CA2254B35F500B14E07 /* Assets.xcassets in Resources */,
				B4DE2CA0254B35F300B14E07 /* Main.storyboard in Resources */,
			);
			runOnlyForDeploymentPostprocessing = 0;
		};
		B4DE2CA9254B35F500B14E07 /* Resources */ = {
			isa = PBXResourcesBuildPhase;
			buildActionMask = 2147483647;
			files = (
			);
			runOnlyForDeploymentPostprocessing = 0;
		};
		B4DE2CB4254B35F500B14E07 /* Resources */ = {
			isa = PBXResourcesBuildPhase;
			buildActionMask = 2147483647;
			files = (
			);
			runOnlyForDeploymentPostprocessing = 0;
		};
/* End PBXResourcesBuildPhase section */

/* Begin PBXShellScriptBuildPhase section */
		0D80944E65231DF2FF64A148 /* [CP] Check Pods Manifest.lock */ = {
			isa = PBXShellScriptBuildPhase;
			buildActionMask = 2147483647;
			files = (
			);
			inputFileListPaths = (
			);
			inputPaths = (
				"${PODS_PODFILE_DIR_PATH}/Podfile.lock",
				"${PODS_ROOT}/Manifest.lock",
			);
			name = "[CP] Check Pods Manifest.lock";
			outputFileListPaths = (
			);
			outputPaths = (
				"$(DERIVED_FILE_DIR)/Pods-DocumentReader-checkManifestLockResult.txt",
			);
			runOnlyForDeploymentPostprocessing = 0;
			shellPath = /bin/sh;
			shellScript = "diff \"${PODS_PODFILE_DIR_PATH}/Podfile.lock\" \"${PODS_ROOT}/Manifest.lock\" > /dev/null\nif [ $? != 0 ] ; then\n    # print error to STDERR\n    echo \"error: The sandbox is not in sync with the Podfile.lock. Run 'pod install' or update your CocoaPods installation.\" >&2\n    exit 1\nfi\n# This output is used by Xcode 'outputs' to avoid re-running this script phase.\necho \"SUCCESS\" > \"${SCRIPT_OUTPUT_FILE_0}\"\n";
			showEnvVarsInLog = 0;
		};
		7BC2CA7A74A124534285BC84 /* [CP] Check Pods Manifest.lock */ = {
			isa = PBXShellScriptBuildPhase;
			buildActionMask = 2147483647;
			files = (
			);
			inputFileListPaths = (
			);
			inputPaths = (
				"${PODS_PODFILE_DIR_PATH}/Podfile.lock",
				"${PODS_ROOT}/Manifest.lock",
			);
			name = "[CP] Check Pods Manifest.lock";
			outputFileListPaths = (
			);
			outputPaths = (
				"$(DERIVED_FILE_DIR)/Pods-DocumentReader-DocumentReaderTests-checkManifestLockResult.txt",
			);
			runOnlyForDeploymentPostprocessing = 0;
			shellPath = /bin/sh;
			shellScript = "diff \"${PODS_PODFILE_DIR_PATH}/Podfile.lock\" \"${PODS_ROOT}/Manifest.lock\" > /dev/null\nif [ $? != 0 ] ; then\n    # print error to STDERR\n    echo \"error: The sandbox is not in sync with the Podfile.lock. Run 'pod install' or update your CocoaPods installation.\" >&2\n    exit 1\nfi\n# This output is used by Xcode 'outputs' to avoid re-running this script phase.\necho \"SUCCESS\" > \"${SCRIPT_OUTPUT_FILE_0}\"\n";
			showEnvVarsInLog = 0;
		};
		A4A82953FD4B264C2CD07C89 /* [CP] Embed Pods Frameworks */ = {
			isa = PBXShellScriptBuildPhase;
			buildActionMask = 2147483647;
			files = (
			);
			inputFileListPaths = (
				"${PODS_ROOT}/Target Support Files/Pods-DocumentReader-DocumentReaderTests/Pods-DocumentReader-DocumentReaderTests-frameworks-${CONFIGURATION}-input-files.xcfilelist",
			);
			name = "[CP] Embed Pods Frameworks";
			outputFileListPaths = (
				"${PODS_ROOT}/Target Support Files/Pods-DocumentReader-DocumentReaderTests/Pods-DocumentReader-DocumentReaderTests-frameworks-${CONFIGURATION}-output-files.xcfilelist",
			);
			runOnlyForDeploymentPostprocessing = 0;
			shellPath = /bin/sh;
			shellScript = "\"${PODS_ROOT}/Target Support Files/Pods-DocumentReader-DocumentReaderTests/Pods-DocumentReader-DocumentReaderTests-frameworks.sh\"\n";
			showEnvVarsInLog = 0;
		};
		B4DE2D41254B3CF700B14E07 /* Lint */ = {
			isa = PBXShellScriptBuildPhase;
			buildActionMask = 2147483647;
			files = (
			);
			inputFileListPaths = (
			);
			inputPaths = (
			);
			name = Lint;
			outputFileListPaths = (
			);
			outputPaths = (
			);
			runOnlyForDeploymentPostprocessing = 0;
			shellPath = /bin/sh;
			shellScript = "if which swiftlint >/dev/null; then\n  swiftlint\nelse\n  echo \"warning: SwiftLint not installed, download from https://github.com/realm/SwiftLint\"\nfi\n";
		};
		F960CB37C154115AF2176045 /* [CP] Embed Pods Frameworks */ = {
			isa = PBXShellScriptBuildPhase;
			buildActionMask = 2147483647;
			files = (
			);
			inputFileListPaths = (
				"${PODS_ROOT}/Target Support Files/Pods-DocumentReader/Pods-DocumentReader-frameworks-${CONFIGURATION}-input-files.xcfilelist",
			);
			name = "[CP] Embed Pods Frameworks";
			outputFileListPaths = (
				"${PODS_ROOT}/Target Support Files/Pods-DocumentReader/Pods-DocumentReader-frameworks-${CONFIGURATION}-output-files.xcfilelist",
			);
			runOnlyForDeploymentPostprocessing = 0;
			shellPath = /bin/sh;
			shellScript = "\"${PODS_ROOT}/Target Support Files/Pods-DocumentReader/Pods-DocumentReader-frameworks.sh\"\n";
			showEnvVarsInLog = 0;
		};
/* End PBXShellScriptBuildPhase section */

/* Begin PBXSourcesBuildPhase section */
		B4DE2C91254B35F300B14E07 /* Sources */ = {
			isa = PBXSourcesBuildPhase;
			buildActionMask = 2147483647;
			files = (
				B4DE2DAE254B486900B14E07 /* JSONCodable.swift in Sources */,
				B4F5462325512D420042810D /* CameraVM.swift in Sources */,
				B4DE2C9D254B35F300B14E07 /* MainVC.swift in Sources */,
				B4A0303E254DE4A600D71F37 /* CameraView.swift in Sources */,
				B4DE2D30254B3A5500B14E07 /* Identification.swift in Sources */,
				B4C2974C2556BA4B00FF0405 /* ValidationError.swift in Sources */,
				B4A0301C254DD2F600D71F37 /* IsDebug.swift in Sources */,
				B4C297482556AF1900FF0405 /* ViewModel.swift in Sources */,
				B4C297582556E6DC00FF0405 /* AsyncOnMain.swift in Sources */,
				B4DE2D4D254B3F6C00B14E07 /* Error+Extension.swift in Sources */,
				B4DE2C99254B35F300B14E07 /* AppDelegate.swift in Sources */,
				B4A03011254DC9E300D71F37 /* CameraVC.swift in Sources */,
				B4DE2D55254B424800B14E07 /* ValidationResponse.swift in Sources */,
				B4C297422556AF0800FF0405 /* Bindable.swift in Sources */,
				B4DE2D3A254B3B3700B14E07 /* RequestConfig.swift in Sources */,
				B4DE2C9B254B35F300B14E07 /* SceneDelegate.swift in Sources */,
				B4C297542556E27E00FF0405 /* CGImage+Brightness.swift in Sources */,
				B4DE2D35254B3AC500B14E07 /* API.swift in Sources */,
				B4F5462E255137640042810D /* String+Extension.swift in Sources */,
				B4DE2CDE254B375700B14E07 /* MainVM.swift in Sources */,
			);
			runOnlyForDeploymentPostprocessing = 0;
		};
		B4DE2CA7254B35F500B14E07 /* Sources */ = {
			isa = PBXSourcesBuildPhase;
			buildActionMask = 2147483647;
			files = (
				B4DE2CB0254B35F500B14E07 /* DocumentReaderTests.swift in Sources */,
			);
			runOnlyForDeploymentPostprocessing = 0;
		};
		B4DE2CB2254B35F500B14E07 /* Sources */ = {
			isa = PBXSourcesBuildPhase;
			buildActionMask = 2147483647;
			files = (
				B4DE2CBB254B35F500B14E07 /* DocumentReaderUITests.swift in Sources */,
			);
			runOnlyForDeploymentPostprocessing = 0;
		};
/* End PBXSourcesBuildPhase section */

/* Begin PBXTargetDependency section */
		B4DE2CAD254B35F500B14E07 /* PBXTargetDependency */ = {
			isa = PBXTargetDependency;
			target = B4DE2C94254B35F300B14E07 /* DocumentReader */;
			targetProxy = B4DE2CAC254B35F500B14E07 /* PBXContainerItemProxy */;
		};
		B4DE2CB8254B35F500B14E07 /* PBXTargetDependency */ = {
			isa = PBXTargetDependency;
			target = B4DE2C94254B35F300B14E07 /* DocumentReader */;
			targetProxy = B4DE2CB7254B35F500B14E07 /* PBXContainerItemProxy */;
		};
/* End PBXTargetDependency section */

/* Begin PBXVariantGroup section */
		B4DE2C9E254B35F300B14E07 /* Main.storyboard */ = {
			isa = PBXVariantGroup;
			children = (
				B4DE2C9F254B35F300B14E07 /* Base */,
			);
			name = Main.storyboard;
			sourceTree = "<group>";
		};
		B4DE2CA3254B35F500B14E07 /* LaunchScreen.storyboard */ = {
			isa = PBXVariantGroup;
			children = (
				B4DE2CA4254B35F500B14E07 /* Base */,
			);
			name = LaunchScreen.storyboard;
			sourceTree = "<group>";
		};
/* End PBXVariantGroup section */

/* Begin XCBuildConfiguration section */
		B4DE2CBD254B35F500B14E07 /* Debug */ = {
			isa = XCBuildConfiguration;
			buildSettings = {
				ALWAYS_SEARCH_USER_PATHS = NO;
				CLANG_ANALYZER_NONNULL = YES;
				CLANG_ANALYZER_NUMBER_OBJECT_CONVERSION = YES_AGGRESSIVE;
				CLANG_CXX_LANGUAGE_STANDARD = "gnu++14";
				CLANG_CXX_LIBRARY = "libc++";
				CLANG_ENABLE_MODULES = YES;
				CLANG_ENABLE_OBJC_ARC = YES;
				CLANG_ENABLE_OBJC_WEAK = YES;
				CLANG_WARN_BLOCK_CAPTURE_AUTORELEASING = YES;
				CLANG_WARN_BOOL_CONVERSION = YES;
				CLANG_WARN_COMMA = YES;
				CLANG_WARN_CONSTANT_CONVERSION = YES;
				CLANG_WARN_DEPRECATED_OBJC_IMPLEMENTATIONS = YES;
				CLANG_WARN_DIRECT_OBJC_ISA_USAGE = YES_ERROR;
				CLANG_WARN_DOCUMENTATION_COMMENTS = YES;
				CLANG_WARN_EMPTY_BODY = YES;
				CLANG_WARN_ENUM_CONVERSION = YES;
				CLANG_WARN_INFINITE_RECURSION = YES;
				CLANG_WARN_INT_CONVERSION = YES;
				CLANG_WARN_NON_LITERAL_NULL_CONVERSION = YES;
				CLANG_WARN_OBJC_IMPLICIT_RETAIN_SELF = YES;
				CLANG_WARN_OBJC_LITERAL_CONVERSION = YES;
				CLANG_WARN_OBJC_ROOT_CLASS = YES_ERROR;
				CLANG_WARN_QUOTED_INCLUDE_IN_FRAMEWORK_HEADER = YES;
				CLANG_WARN_RANGE_LOOP_ANALYSIS = YES;
				CLANG_WARN_STRICT_PROTOTYPES = YES;
				CLANG_WARN_SUSPICIOUS_MOVE = YES;
				CLANG_WARN_UNGUARDED_AVAILABILITY = YES_AGGRESSIVE;
				CLANG_WARN_UNREACHABLE_CODE = YES;
				CLANG_WARN__DUPLICATE_METHOD_MATCH = YES;
				COPY_PHASE_STRIP = NO;
				DEBUG_INFORMATION_FORMAT = dwarf;
				ENABLE_STRICT_OBJC_MSGSEND = YES;
				ENABLE_TESTABILITY = YES;
				GCC_C_LANGUAGE_STANDARD = gnu11;
				GCC_DYNAMIC_NO_PIC = NO;
				GCC_NO_COMMON_BLOCKS = YES;
				GCC_OPTIMIZATION_LEVEL = 0;
				GCC_PREPROCESSOR_DEFINITIONS = (
					"DEBUG=1",
					"$(inherited)",
				);
				GCC_WARN_64_TO_32_BIT_CONVERSION = YES;
				GCC_WARN_ABOUT_RETURN_TYPE = YES_ERROR;
				GCC_WARN_UNDECLARED_SELECTOR = YES;
				GCC_WARN_UNINITIALIZED_AUTOS = YES_AGGRESSIVE;
				GCC_WARN_UNUSED_FUNCTION = YES;
				GCC_WARN_UNUSED_VARIABLE = YES;
				IPHONEOS_DEPLOYMENT_TARGET = 13.0;
				MTL_ENABLE_DEBUG_INFO = INCLUDE_SOURCE;
				MTL_FAST_MATH = YES;
				ONLY_ACTIVE_ARCH = YES;
				SDKROOT = iphoneos;
				SWIFT_ACTIVE_COMPILATION_CONDITIONS = DEBUG;
				SWIFT_OPTIMIZATION_LEVEL = "-Onone";
			};
			name = Debug;
		};
		B4DE2CBE254B35F500B14E07 /* Release */ = {
			isa = XCBuildConfiguration;
			buildSettings = {
				ALWAYS_SEARCH_USER_PATHS = NO;
				CLANG_ANALYZER_NONNULL = YES;
				CLANG_ANALYZER_NUMBER_OBJECT_CONVERSION = YES_AGGRESSIVE;
				CLANG_CXX_LANGUAGE_STANDARD = "gnu++14";
				CLANG_CXX_LIBRARY = "libc++";
				CLANG_ENABLE_MODULES = YES;
				CLANG_ENABLE_OBJC_ARC = YES;
				CLANG_ENABLE_OBJC_WEAK = YES;
				CLANG_WARN_BLOCK_CAPTURE_AUTORELEASING = YES;
				CLANG_WARN_BOOL_CONVERSION = YES;
				CLANG_WARN_COMMA = YES;
				CLANG_WARN_CONSTANT_CONVERSION = YES;
				CLANG_WARN_DEPRECATED_OBJC_IMPLEMENTATIONS = YES;
				CLANG_WARN_DIRECT_OBJC_ISA_USAGE = YES_ERROR;
				CLANG_WARN_DOCUMENTATION_COMMENTS = YES;
				CLANG_WARN_EMPTY_BODY = YES;
				CLANG_WARN_ENUM_CONVERSION = YES;
				CLANG_WARN_INFINITE_RECURSION = YES;
				CLANG_WARN_INT_CONVERSION = YES;
				CLANG_WARN_NON_LITERAL_NULL_CONVERSION = YES;
				CLANG_WARN_OBJC_IMPLICIT_RETAIN_SELF = YES;
				CLANG_WARN_OBJC_LITERAL_CONVERSION = YES;
				CLANG_WARN_OBJC_ROOT_CLASS = YES_ERROR;
				CLANG_WARN_QUOTED_INCLUDE_IN_FRAMEWORK_HEADER = YES;
				CLANG_WARN_RANGE_LOOP_ANALYSIS = YES;
				CLANG_WARN_STRICT_PROTOTYPES = YES;
				CLANG_WARN_SUSPICIOUS_MOVE = YES;
				CLANG_WARN_UNGUARDED_AVAILABILITY = YES_AGGRESSIVE;
				CLANG_WARN_UNREACHABLE_CODE = YES;
				CLANG_WARN__DUPLICATE_METHOD_MATCH = YES;
				COPY_PHASE_STRIP = NO;
				DEBUG_INFORMATION_FORMAT = "dwarf-with-dsym";
				ENABLE_NS_ASSERTIONS = NO;
				ENABLE_STRICT_OBJC_MSGSEND = YES;
				GCC_C_LANGUAGE_STANDARD = gnu11;
				GCC_NO_COMMON_BLOCKS = YES;
				GCC_WARN_64_TO_32_BIT_CONVERSION = YES;
				GCC_WARN_ABOUT_RETURN_TYPE = YES_ERROR;
				GCC_WARN_UNDECLARED_SELECTOR = YES;
				GCC_WARN_UNINITIALIZED_AUTOS = YES_AGGRESSIVE;
				GCC_WARN_UNUSED_FUNCTION = YES;
				GCC_WARN_UNUSED_VARIABLE = YES;
				IPHONEOS_DEPLOYMENT_TARGET = 13.0;
				MTL_ENABLE_DEBUG_INFO = NO;
				MTL_FAST_MATH = YES;
				SDKROOT = iphoneos;
				SWIFT_COMPILATION_MODE = wholemodule;
				SWIFT_OPTIMIZATION_LEVEL = "-O";
				VALIDATE_PRODUCT = YES;
			};
			name = Release;
		};
		B4DE2CC0254B35F500B14E07 /* Debug */ = {
			isa = XCBuildConfiguration;
			baseConfigurationReference = 9E583C605319D591361BB75C /* Pods-DocumentReader.debug.xcconfig */;
			buildSettings = {
				ASSETCATALOG_COMPILER_APPICON_NAME = AppIcon;
				ASSETCATALOG_COMPILER_GLOBAL_ACCENT_COLOR_NAME = AccentColor;
				CODE_SIGN_STYLE = Automatic;
				DEVELOPMENT_TEAM = QZB89W5WY6;
				FRAMEWORK_SEARCH_PATHS = (
					"$(inherited)",
					"$(PROJECT_DIR)",
				);
				INFOPLIST_FILE = "$(SRCROOT)/DocumentReader/Resources/Info.plist";
				IPHONEOS_DEPLOYMENT_TARGET = 13.0;
				LD_RUNPATH_SEARCH_PATHS = (
					"$(inherited)",
					"@executable_path/Frameworks",
				);
				PRODUCT_BUNDLE_IDENTIFIER = organization.DocumentReader;
				PRODUCT_NAME = "$(TARGET_NAME)";
				SWIFT_INCLUDE_PATHS = "";
				SWIFT_VERSION = 5.0;
				TARGETED_DEVICE_FAMILY = 1;
			};
			name = Debug;
		};
		B4DE2CC1254B35F500B14E07 /* Release */ = {
			isa = XCBuildConfiguration;
			baseConfigurationReference = 4FB7B8346D521E1788A16D84 /* Pods-DocumentReader.release.xcconfig */;
			buildSettings = {
				ASSETCATALOG_COMPILER_APPICON_NAME = AppIcon;
				ASSETCATALOG_COMPILER_GLOBAL_ACCENT_COLOR_NAME = AccentColor;
				CODE_SIGN_STYLE = Automatic;
				DEVELOPMENT_TEAM = QZB89W5WY6;
				FRAMEWORK_SEARCH_PATHS = (
					"$(inherited)",
					"$(PROJECT_DIR)",
				);
				INFOPLIST_FILE = "$(SRCROOT)/DocumentReader/Resources/Info.plist";
				IPHONEOS_DEPLOYMENT_TARGET = 13.0;
				LD_RUNPATH_SEARCH_PATHS = (
					"$(inherited)",
					"@executable_path/Frameworks",
				);
				PRODUCT_BUNDLE_IDENTIFIER = organization.DocumentReader;
				PRODUCT_NAME = "$(TARGET_NAME)";
				SWIFT_INCLUDE_PATHS = "";
				SWIFT_VERSION = 5.0;
				TARGETED_DEVICE_FAMILY = 1;
			};
			name = Release;
		};
		B4DE2CC3254B35F500B14E07 /* Debug */ = {
			isa = XCBuildConfiguration;
			baseConfigurationReference = 564347F85158F00626B4C632 /* Pods-DocumentReader-DocumentReaderTests.debug.xcconfig */;
			buildSettings = {
				ALWAYS_EMBED_SWIFT_STANDARD_LIBRARIES = YES;
				BUNDLE_LOADER = "$(TEST_HOST)";
				CODE_SIGN_STYLE = Automatic;
				DEVELOPMENT_TEAM = QZB89W5WY6;
				INFOPLIST_FILE = DocumentReaderTests/Info.plist;
				IPHONEOS_DEPLOYMENT_TARGET = 14.0;
				LD_RUNPATH_SEARCH_PATHS = (
					"$(inherited)",
					"@executable_path/Frameworks",
					"@loader_path/Frameworks",
				);
				PRODUCT_BUNDLE_IDENTIFIER = organization.DocumentReaderTests;
				PRODUCT_NAME = "$(TARGET_NAME)";
				SWIFT_VERSION = 5.0;
				TARGETED_DEVICE_FAMILY = "1,2";
				TEST_HOST = "$(BUILT_PRODUCTS_DIR)/DocumentReader.app/DocumentReader";
			};
			name = Debug;
		};
		B4DE2CC4254B35F500B14E07 /* Release */ = {
			isa = XCBuildConfiguration;
			baseConfigurationReference = 80050F295A2D860FFB31CCC1 /* Pods-DocumentReader-DocumentReaderTests.release.xcconfig */;
			buildSettings = {
				ALWAYS_EMBED_SWIFT_STANDARD_LIBRARIES = YES;
				BUNDLE_LOADER = "$(TEST_HOST)";
				CODE_SIGN_STYLE = Automatic;
				DEVELOPMENT_TEAM = QZB89W5WY6;
				INFOPLIST_FILE = DocumentReaderTests/Info.plist;
				IPHONEOS_DEPLOYMENT_TARGET = 14.0;
				LD_RUNPATH_SEARCH_PATHS = (
					"$(inherited)",
					"@executable_path/Frameworks",
					"@loader_path/Frameworks",
				);
				PRODUCT_BUNDLE_IDENTIFIER = organization.DocumentReaderTests;
				PRODUCT_NAME = "$(TARGET_NAME)";
				SWIFT_VERSION = 5.0;
				TARGETED_DEVICE_FAMILY = "1,2";
				TEST_HOST = "$(BUILT_PRODUCTS_DIR)/DocumentReader.app/DocumentReader";
			};
			name = Release;
		};
		B4DE2CC6254B35F500B14E07 /* Debug */ = {
			isa = XCBuildConfiguration;
			buildSettings = {
				ALWAYS_EMBED_SWIFT_STANDARD_LIBRARIES = YES;
				CODE_SIGN_STYLE = Automatic;
				DEVELOPMENT_TEAM = QZB89W5WY6;
				INFOPLIST_FILE = DocumentReaderUITests/Info.plist;
				LD_RUNPATH_SEARCH_PATHS = (
					"$(inherited)",
					"@executable_path/Frameworks",
					"@loader_path/Frameworks",
				);
				PRODUCT_BUNDLE_IDENTIFIER = organization.DocumentReaderUITests;
				PRODUCT_NAME = "$(TARGET_NAME)";
				SWIFT_VERSION = 5.0;
				TARGETED_DEVICE_FAMILY = "1,2";
				TEST_TARGET_NAME = DocumentReader;
			};
			name = Debug;
		};
		B4DE2CC7254B35F500B14E07 /* Release */ = {
			isa = XCBuildConfiguration;
			buildSettings = {
				ALWAYS_EMBED_SWIFT_STANDARD_LIBRARIES = YES;
				CODE_SIGN_STYLE = Automatic;
				DEVELOPMENT_TEAM = QZB89W5WY6;
				INFOPLIST_FILE = DocumentReaderUITests/Info.plist;
				LD_RUNPATH_SEARCH_PATHS = (
					"$(inherited)",
					"@executable_path/Frameworks",
					"@loader_path/Frameworks",
				);
				PRODUCT_BUNDLE_IDENTIFIER = organization.DocumentReaderUITests;
				PRODUCT_NAME = "$(TARGET_NAME)";
				SWIFT_VERSION = 5.0;
				TARGETED_DEVICE_FAMILY = "1,2";
				TEST_TARGET_NAME = DocumentReader;
			};
			name = Release;
		};
/* End XCBuildConfiguration section */

/* Begin XCConfigurationList section */
		B4DE2C90254B35F300B14E07 /* Build configuration list for PBXProject "DocumentReader" */ = {
			isa = XCConfigurationList;
			buildConfigurations = (
				B4DE2CBD254B35F500B14E07 /* Debug */,
				B4DE2CBE254B35F500B14E07 /* Release */,
			);
			defaultConfigurationIsVisible = 0;
			defaultConfigurationName = Release;
		};
		B4DE2CBF254B35F500B14E07 /* Build configuration list for PBXNativeTarget "DocumentReader" */ = {
			isa = XCConfigurationList;
			buildConfigurations = (
				B4DE2CC0254B35F500B14E07 /* Debug */,
				B4DE2CC1254B35F500B14E07 /* Release */,
			);
			defaultConfigurationIsVisible = 0;
			defaultConfigurationName = Release;
		};
		B4DE2CC2254B35F500B14E07 /* Build configuration list for PBXNativeTarget "DocumentReaderTests" */ = {
			isa = XCConfigurationList;
			buildConfigurations = (
				B4DE2CC3254B35F500B14E07 /* Debug */,
				B4DE2CC4254B35F500B14E07 /* Release */,
			);
			defaultConfigurationIsVisible = 0;
			defaultConfigurationName = Release;
		};
		B4DE2CC5254B35F500B14E07 /* Build configuration list for PBXNativeTarget "DocumentReaderUITests" */ = {
			isa = XCConfigurationList;
			buildConfigurations = (
				B4DE2CC6254B35F500B14E07 /* Debug */,
				B4DE2CC7254B35F500B14E07 /* Release */,
			);
			defaultConfigurationIsVisible = 0;
			defaultConfigurationName = Release;
		};
/* End XCConfigurationList section */
	};
	rootObject = B4DE2C8D254B35F300B14E07 /* Project object */;
}
